
Microsoft Visual Studio Solution File, Format Version 11.00
# Visual C# Express 2010
Project("{FAE04EC0-301F-11D3-BF4B-00C04F79EFBC}") = "Agile2010", "Agile2010.csproj", "{A0AFBBB6-86BC-4EE8-B4DF-F7AC617629F5}"
EndProject
Global
	GlobalSection(SolutionConfigurationPlatforms) = preSolution
		Debug|Any CPU = Debug|Any CPU
		Release|Any CPU = Release|Any CPU
	EndGlobalSection
	GlobalSection(ProjectConfigurationPlatforms) = postSolution
		{A0AFBBB6-86BC-4EE8-B4DF-F7AC617629F5}.Debug|Any CPU.ActiveCfg = Debug|Any CPU
		{A0AFBBB6-86BC-4EE8-B4DF-F7AC617629F5}.Debug|Any CPU.Build.0 = Debug|Any CPU
		{A0AFBBB6-86BC-4EE8-B4DF-F7AC617629F5}.Release|Any CPU.ActiveCfg = Release|Any CPU
		{A0AFBBB6-86BC-4EE8-B4DF-F7AC617629F5}.Release|Any CPU.Build.0 = Release|Any CPU
	EndGlobalSection
	GlobalSection(SolutionProperties) = preSolution
		HideSolutionNode = FALSE
	EndGlobalSection
EndGlobal
